
Microsoft Visual Studio Solution File, Format Version 12.00
# Visual Studio 15
VisualStudioVersion = 15.0.27004.2002
MinimumVisualStudioVersion = 10.0.40219.1
Project("{FAE04EC0-301F-11D3-BF4B-00C04F79EFBC}") = "FabulousContainer", "FabulousContainer\FabulousContainer.csproj", "{5038E297-38BE-4CDD-8A1F-4D1353F4A7C8}"
EndProject
Project("{FAE04EC0-301F-11D3-BF4B-00C04F79EFBC}") = "FabulousContainer.Tests", "FabulousContainer.Tests\FabulousContainer.Tests.csproj", "{97235B5F-822D-4EE6-9E7F-4AF69F1E20BA}"
EndProject
Global
	GlobalSection(SolutionConfigurationPlatforms) = preSolution
		Debug|Any CPU = Debug|Any CPU
		Release|Any CPU = Release|Any CPU
	EndGlobalSection
	GlobalSection(ProjectConfigurationPlatforms) = postSolution
		{5038E297-38BE-4CDD-8A1F-4D1353F4A7C8}.Debug|Any CPU.ActiveCfg = Debug|Any CPU
		{5038E297-38BE-4CDD-8A1F-4D1353F4A7C8}.Debug|Any CPU.Build.0 = Debug|Any CPU
		{5038E297-38BE-4CDD-8A1F-4D1353F4A7C8}.Release|Any CPU.ActiveCfg = Release|Any CPU
		{5038E297-38BE-4CDD-8A1F-4D1353F4A7C8}.Release|Any CPU.Build.0 = Release|Any CPU
		{97235B5F-822D-4EE6-9E7F-4AF69F1E20BA}.Debug|Any CPU.ActiveCfg = Debug|Any CPU
		{97235B5F-822D-4EE6-9E7F-4AF69F1E20BA}.Debug|Any CPU.Build.0 = Debug|Any CPU
		{97235B5F-822D-4EE6-9E7F-4AF69F1E20BA}.Release|Any CPU.ActiveCfg = Release|Any CPU
		{97235B5F-822D-4EE6-9E7F-4AF69F1E20BA}.Release|Any CPU.Build.0 = Release|Any CPU
	EndGlobalSection
	GlobalSection(SolutionProperties) = preSolution
		HideSolutionNode = FALSE
	EndGlobalSection
	GlobalSection(ExtensibilityGlobals) = postSolution
		SolutionGuid = {1AD79BCD-EFDC-4083-8BE3-851735D560A2}
	EndGlobalSection
EndGlobal
